
Microsoft Visual Studio Solution File, Format Version 12.00
# Visual Studio Version 17
VisualStudioVersion = 17.13.35828.75
MinimumVisualStudioVersion = 10.0.40219.1
Project("{8BC9CEB8-8B4A-11D0-8D11-00A0C91BC942}") = "BOT_Binance_Kline", "BOT_Binance_Kline.vcxproj", "{F7C0D06D-3BF0-4350-B574-7F24599F7CB2}"
EndProject
Project("{8BC9CEB8-8B4A-11D0-8D11-00A0C91BC942}") = "G_API_BINANCE", "..\G_API_BINANCE\G_API_BINANCE.vcxproj", "{3045060C-3316-4B7F-8496-F7D05BB355F1}"
EndProject
Global
	GlobalSection(SolutionConfigurationPlatforms) = preSolution
		Debug|x64 = Debug|x64
		Debug|x86 = Debug|x86
		Release|x64 = Release|x64
		Release|x86 = Release|x86
	EndGlobalSection
	GlobalSection(ProjectConfigurationPlatforms) = postSolution
		{F7C0D06D-3BF0-4350-B574-7F24599F7CB2}.Debug|x64.ActiveCfg = Debug|x64
		{F7C0D06D-3BF0-4350-B574-7F24599F7CB2}.Debug|x64.Build.0 = Debug|x64
		{F7C0D06D-3BF0-4350-B574-7F24599F7CB2}.Debug|x86.ActiveCfg = Debug|Win32
		{F7C0D06D-3BF0-4350-B574-7F24599F7CB2}.Debug|x86.Build.0 = Debug|Win32
		{F7C0D06D-3BF0-4350-B574-7F24599F7CB2}.Release|x64.ActiveCfg = Release|x64
		{F7C0D06D-3BF0-4350-B574-7F24599F7CB2}.Release|x64.Build.0 = Release|x64
		{F7C0D06D-3BF0-4350-B574-7F24599F7CB2}.Release|x86.ActiveCfg = Release|Win32
		{F7C0D06D-3BF0-4350-B574-7F24599F7CB2}.Release|x86.Build.0 = Release|Win32
		{3045060C-3316-4B7F-8496-F7D05BB355F1}.Debug|x64.ActiveCfg = Debug|x64
		{3045060C-3316-4B7F-8496-F7D05BB355F1}.Debug|x64.Build.0 = Debug|x64
		{3045060C-3316-4B7F-8496-F7D05BB355F1}.Debug|x86.ActiveCfg = Debug|Win32
		{3045060C-3316-4B7F-8496-F7D05BB355F1}.Debug|x86.Build.0 = Debug|Win32
		{3045060C-3316-4B7F-8496-F7D05BB355F1}.Release|x64.ActiveCfg = Release|x64
		{3045060C-3316-4B7F-8496-F7D05BB355F1}.Release|x64.Build.0 = Release|x64
		{3045060C-3316-4B7F-8496-F7D05BB355F1}.Release|x86.ActiveCfg = Release|Win32
		{3045060C-3316-4B7F-8496-F7D05BB355F1}.Release|x86.Build.0 = Release|Win32
	EndGlobalSection
	GlobalSection(SolutionProperties) = preSolution
		HideSolutionNode = FALSE
	EndGlobalSection
	GlobalSection(ExtensibilityGlobals) = postSolution
		SolutionGuid = {0FC4903B-56D0-4067-B4FF-B4974A76534A}
	EndGlobalSection
EndGlobal
