<?xml version="1.0" encoding="utf-8"?>
<Project ToolsVersion="4.0" xmlns="http://schemas.microsoft.com/developer/msbuild/2003">
  <ItemGroup>
    <Filter Include="Source Files">
      <UniqueIdentifier>{22d3fb99-9dfc-4c80-8346-cd1cb7bf01f0}</UniqueIdentifier>
      <Extensions>cpp;c;cxx;rc;def;r;odl;idl;hpj;bat</Extensions>
    </Filter>
    <Filter Include="Header Files">
      <UniqueIdentifier>{b339fb67-c00a-49ba-8ca9-49685b87ea2f}</UniqueIdentifier>
      <Extensions>h;hpp;hxx;hm;inl</Extensions>
    </Filter>
    <Filter Include="Resource Files">
      <UniqueIdentifier>{c127dc2c-679f-447c-bdd4-81121497dbe6}</UniqueIdentifier>
      <Extensions>ico;cur;bmp;dlg;rc2;rct;bin;rgs;gif;jpg;jpeg;jpe</Extensions>
    </Filter>
    <Filter Include="Login">
      <UniqueIdentifier>{c219ee36-b26c-4404-aa42-8d91a47d3380}</UniqueIdentifier>
    </Filter>
    <Filter Include="TR">
      <UniqueIdentifier>{859516cb-1526-4402-a1ae-bcbab803f4c1}</UniqueIdentifier>
    </Filter>
    <Filter Include="TR\주식">
      <UniqueIdentifier>{c7310fbd-65ec-48a7-89ed-9ff5bc368043}</UniqueIdentifier>
    </Filter>
  </ItemGroup>
  <ItemGroup>
    <ClCompile Include="ChildFrm.cpp">
      <Filter>Source Files</Filter>
    </ClCompile>
    <ClCompile Include="ChildView.cpp">
      <Filter>Source Files</Filter>
    </ClCompile>
    <ClCompile Include="DlgExcludeItem.cpp">
      <Filter>Source Files</Filter>
    </ClCompile>
    <ClCompile Include="DlgTRBar.cpp">
      <Filter>Source Files</Filter>
    </ClCompile>
    <ClCompile Include="MainFrm.cpp">
      <Filter>Source Files</Filter>
    </ClCompile>
    <ClCompile Include="scbarg.cpp">
      <Filter>Source Files</Filter>
    </ClCompile>
    <ClCompile Include="sizecbar.cpp">
      <Filter>Source Files</Filter>
    </ClCompile>
    <ClCompile Include="StdAfx.cpp">
      <Filter>Source Files</Filter>
    </ClCompile>
    <ClCompile Include="TRBar.cpp">
      <Filter>Source Files</Filter>
    </ClCompile>
    <ClCompile Include="XingAPI_Sample_eSearch.cpp">
      <Filter>Source Files</Filter>
    </ClCompile>
    <ClCompile Include="DlgLogin.cpp">
      <Filter>Login</Filter>
    </ClCompile>
    <ClCompile Include="Dlg_t1857.cpp">
      <Filter>TR\주식</Filter>
    </ClCompile>
    <ClCompile Include="Dlg_t1866.cpp">
      <Filter>TR\주식</Filter>
    </ClCompile>
  </ItemGroup>
  <ItemGroup>
    <ResourceCompile Include="XingAPI_Sample_eSearch.rc">
      <Filter>Source Files</Filter>
    </ResourceCompile>
  </ItemGroup>
  <ItemGroup>
    <ClInclude Include="ChildFrm.h">
      <Filter>Header Files</Filter>
    </ClInclude>
    <ClInclude Include="ChildView.h">
      <Filter>Header Files</Filter>
    </ClInclude>
    <ClInclude Include="DlgExcludeItem.h">
      <Filter>Header Files</Filter>
    </ClInclude>
    <ClInclude Include="DlgTRBar.h">
      <Filter>Header Files</Filter>
    </ClInclude>
    <ClInclude Include="IXingAPI.h">
      <Filter>Header Files</Filter>
    </ClInclude>
    <ClInclude Include="MainFrm.h">
      <Filter>Header Files</Filter>
    </ClInclude>
    <ClInclude Include="Resource.h">
      <Filter>Header Files</Filter>
    </ClInclude>
    <ClInclude Include="scbarg.h">
      <Filter>Header Files</Filter>
    </ClInclude>
    <ClInclude Include="sizecbar.h">
      <Filter>Header Files</Filter>
    </ClInclude>
    <ClInclude Include="StdAfx.h">
      <Filter>Header Files</Filter>
    </ClInclude>
    <ClInclude Include="TRBar.h">
      <Filter>Header Files</Filter>
    </ClInclude>
    <ClInclude Include="XingAPI_Sample_eSearch.h">
      <Filter>Header Files</Filter>
    </ClInclude>
    <ClInclude Include="DlgLogin.h">
      <Filter>Login</Filter>
    </ClInclude>
    <ClInclude Include="Dlg_t1857.h">
      <Filter>TR\주식</Filter>
    </ClInclude>
    <ClInclude Include="Dlg_t1866.h">
      <Filter>TR\주식</Filter>
    </ClInclude>
  </ItemGroup>
  <ItemGroup>
    <CustomBuild Include="res\XingAPI_Sample_eSearch.ico">
      <Filter>Resource Files</Filter>
    </CustomBuild>
    <CustomBuild Include="res\XingAPI_Sample_eSearch.rc2">
      <Filter>Resource Files</Filter>
    </CustomBuild>
    <CustomBuild Include="ReadMe.txt" />
  </ItemGroup>
</Project>